
Microsoft Visual Studio Solution File, Format Version 12.00
# Visual Studio 15
VisualStudioVersion = 15.0.27703.2018
MinimumVisualStudioVersion = 10.0.40219.1
Project("{FAE04EC0-301F-11D3-BF4B-00C04F79EFBC}") = "Ui.Wpf.Common", "Ui.Wpf.Common\Ui.Wpf.Common.csproj", "{FDB62508-AFFA-4281-8472-8D00FC1403BA}"
EndProject
Project("{FAE04EC0-301F-11D3-BF4B-00C04F79EFBC}") = "Ui.Wpf.KanbanControl", "Ui.Wpf.KanbanControl\Ui.Wpf.KanbanControl.csproj", "{7F46F76E-EE01-4E40-9C31-BB61FFF33E47}"
EndProject
Project("{FAE04EC0-301F-11D3-BF4B-00C04F79EFBC}") = "Ui.Wpf.KanbanControl.Tests", "Tests\Ui.Wpf.KanbanControl.Tests\Ui.Wpf.KanbanControl.Tests.csproj", "{7FF04819-5DE0-4A2C-86CB-850A930897E5}"
EndProject
Project("{2150E333-8FDC-42A3-9474-1A3956D46DE8}") = "Tests", "Tests", "{57F48F52-C087-4F23-84AB-62BC54C3D285}"
EndProject
Project("{FAE04EC0-301F-11D3-BF4B-00C04F79EFBC}") = "Ui.Wpf.Demo", "Ui.Wpf.Demo\Ui.Wpf.Demo.csproj", "{274F7DCF-D522-444A-AFAD-FCFBBE4E8F51}"
EndProject
Global
	GlobalSection(SolutionConfigurationPlatforms) = preSolution
		Debug|Any CPU = Debug|Any CPU
		Release|Any CPU = Release|Any CPU
	EndGlobalSection
	GlobalSection(ProjectConfigurationPlatforms) = postSolution
		{FDB62508-AFFA-4281-8472-8D00FC1403BA}.Debug|Any CPU.ActiveCfg = Debug|Any CPU
		{FDB62508-AFFA-4281-8472-8D00FC1403BA}.Debug|Any CPU.Build.0 = Debug|Any CPU
		{FDB62508-AFFA-4281-8472-8D00FC1403BA}.Release|Any CPU.ActiveCfg = Release|Any CPU
		{FDB62508-AFFA-4281-8472-8D00FC1403BA}.Release|Any CPU.Build.0 = Release|Any CPU
		{7F46F76E-EE01-4E40-9C31-BB61FFF33E47}.Debug|Any CPU.ActiveCfg = Debug|Any CPU
		{7F46F76E-EE01-4E40-9C31-BB61FFF33E47}.Debug|Any CPU.Build.0 = Debug|Any CPU
		{7F46F76E-EE01-4E40-9C31-BB61FFF33E47}.Release|Any CPU.ActiveCfg = Release|Any CPU
		{7F46F76E-EE01-4E40-9C31-BB61FFF33E47}.Release|Any CPU.Build.0 = Release|Any CPU
		{7FF04819-5DE0-4A2C-86CB-850A930897E5}.Debug|Any CPU.ActiveCfg = Debug|Any CPU
		{7FF04819-5DE0-4A2C-86CB-850A930897E5}.Debug|Any CPU.Build.0 = Debug|Any CPU
		{7FF04819-5DE0-4A2C-86CB-850A930897E5}.Release|Any CPU.ActiveCfg = Release|Any CPU
		{7FF04819-5DE0-4A2C-86CB-850A930897E5}.Release|Any CPU.Build.0 = Release|Any CPU
		{274F7DCF-D522-444A-AFAD-FCFBBE4E8F51}.Debug|Any CPU.ActiveCfg = Debug|Any CPU
		{274F7DCF-D522-444A-AFAD-FCFBBE4E8F51}.Debug|Any CPU.Build.0 = Debug|Any CPU
		{274F7DCF-D522-444A-AFAD-FCFBBE4E8F51}.Release|Any CPU.ActiveCfg = Release|Any CPU
		{274F7DCF-D522-444A-AFAD-FCFBBE4E8F51}.Release|Any CPU.Build.0 = Release|Any CPU
	EndGlobalSection
	GlobalSection(SolutionProperties) = preSolution
		HideSolutionNode = FALSE
	EndGlobalSection
	GlobalSection(NestedProjects) = preSolution
		{7FF04819-5DE0-4A2C-86CB-850A930897E5} = {57F48F52-C087-4F23-84AB-62BC54C3D285}
	EndGlobalSection
	GlobalSection(ExtensibilityGlobals) = postSolution
		SolutionGuid = {CA95D353-501D-426D-B015-C368525B8401}
	EndGlobalSection
EndGlobal
