
Microsoft Visual Studio Solution File, Format Version 12.00
# Visual Studio 15
VisualStudioVersion = 15.0.27130.2036
MinimumVisualStudioVersion = 10.0.40219.1
Project("{FAE04EC0-301F-11D3-BF4B-00C04F79EFBC}") = "Kanban.Desktop", "Kanban.Desktop\Kanban.Desktop.csproj", "{8DA7A6F2-737C-4EB7-82BB-0B1F06C0B27B}"
EndProject
Project("{FAE04EC0-301F-11D3-BF4B-00C04F79EFBC}") = "Ui.Wpf.Common", "Ui.Wpf.Common\Ui.Wpf.Common.csproj", "{FDB62508-AFFA-4281-8472-8D00FC1403BA}"
EndProject
Project("{FAE04EC0-301F-11D3-BF4B-00C04F79EFBC}") = "Ui.Wpf.KanbanControl", "Ui.Wpf.KanbanControl\Ui.Wpf.KanbanControl.csproj", "{7F46F76E-EE01-4E40-9C31-BB61FFF33E47}"
EndProject
Global
	GlobalSection(SolutionConfigurationPlatforms) = preSolution
		Debug|Any CPU = Debug|Any CPU
		Release|Any CPU = Release|Any CPU
	EndGlobalSection
	GlobalSection(ProjectConfigurationPlatforms) = postSolution
		{8DA7A6F2-737C-4EB7-82BB-0B1F06C0B27B}.Debug|Any CPU.ActiveCfg = Debug|Any CPU
		{8DA7A6F2-737C-4EB7-82BB-0B1F06C0B27B}.Debug|Any CPU.Build.0 = Debug|Any CPU
		{8DA7A6F2-737C-4EB7-82BB-0B1F06C0B27B}.Release|Any CPU.ActiveCfg = Release|Any CPU
		{8DA7A6F2-737C-4EB7-82BB-0B1F06C0B27B}.Release|Any CPU.Build.0 = Release|Any CPU
		{FDB62508-AFFA-4281-8472-8D00FC1403BA}.Debug|Any CPU.ActiveCfg = Debug|Any CPU
		{FDB62508-AFFA-4281-8472-8D00FC1403BA}.Debug|Any CPU.Build.0 = Debug|Any CPU
		{FDB62508-AFFA-4281-8472-8D00FC1403BA}.Release|Any CPU.ActiveCfg = Release|Any CPU
		{FDB62508-AFFA-4281-8472-8D00FC1403BA}.Release|Any CPU.Build.0 = Release|Any CPU
		{7F46F76E-EE01-4E40-9C31-BB61FFF33E47}.Debug|Any CPU.ActiveCfg = Debug|Any CPU
		{7F46F76E-EE01-4E40-9C31-BB61FFF33E47}.Debug|Any CPU.Build.0 = Debug|Any CPU
		{7F46F76E-EE01-4E40-9C31-BB61FFF33E47}.Release|Any CPU.ActiveCfg = Release|Any CPU
		{7F46F76E-EE01-4E40-9C31-BB61FFF33E47}.Release|Any CPU.Build.0 = Release|Any CPU
	EndGlobalSection
	GlobalSection(SolutionProperties) = preSolution
		HideSolutionNode = FALSE
	EndGlobalSection
	GlobalSection(ExtensibilityGlobals) = postSolution
		SolutionGuid = {AFFA0C05-4434-449D-AAF2-F7F777068909}
	EndGlobalSection
EndGlobal
